
Microsoft Visual Studio Solution File, Format Version 12.00
# Visual Studio Version 17
VisualStudioVersion = 17.0.31919.166
MinimumVisualStudioVersion = 10.0.40219.1
Project("{FAE04EC0-301F-11D3-BF4B-00C04F79EFBC}") = "CalculatorApp", "CalculatorApp\CalculatorApp.csproj", "{73D44014-020B-4207-B5BA-16F679C8056A}"
EndProject
Project("{FAE04EC0-301F-11D3-BF4B-00C04F79EFBC}") = "CalculatorApp.Tests", "CalculatorApp.Tests\CalculatorApp.Tests.csproj", "{D38DA72B-BCFD-47B9-B9C1-606EDED440BC}"
EndProject
Global
	GlobalSection(SolutionConfigurationPlatforms) = preSolution
		Debug|Any CPU = Debug|Any CPU
		Release|Any CPU = Release|Any CPU
	EndGlobalSection
	GlobalSection(ProjectConfigurationPlatforms) = postSolution
		{73D44014-020B-4207-B5BA-16F679C8056A}.Debug|Any CPU.ActiveCfg = Debug|Any CPU
		{73D44014-020B-4207-B5BA-16F679C8056A}.Debug|Any CPU.Build.0 = Debug|Any CPU
		{73D44014-020B-4207-B5BA-16F679C8056A}.Release|Any CPU.ActiveCfg = Release|Any CPU
		{73D44014-020B-4207-B5BA-16F679C8056A}.Release|Any CPU.Build.0 = Release|Any CPU
		{D38DA72B-BCFD-47B9-B9C1-606EDED440BC}.Debug|Any CPU.ActiveCfg = Debug|Any CPU
		{D38DA72B-BCFD-47B9-B9C1-606EDED440BC}.Debug|Any CPU.Build.0 = Debug|Any CPU
		{D38DA72B-BCFD-47B9-B9C1-606EDED440BC}.Release|Any CPU.ActiveCfg = Release|Any CPU
		{D38DA72B-BCFD-47B9-B9C1-606EDED440BC}.Release|Any CPU.Build.0 = Release|Any CPU
	EndGlobalSection
	GlobalSection(SolutionProperties) = preSolution
		HideSolutionNode = FALSE
	EndGlobalSection
	GlobalSection(ExtensibilityGlobals) = postSolution
		SolutionGuid = {33302572-4FE3-4B1A-8B2A-57F79C1FF9BD}
	EndGlobalSection
EndGlobal
